
Microsoft Visual Studio Solution File, Format Version 12.00
# Visual Studio 15
VisualStudioVersion = 15.0.27703.2035
MinimumVisualStudioVersion = 10.0.40219.1
Project("{FAE04EC0-301F-11D3-BF4B-00C04F79EFBC}") = "FaceAnalyzer.Android", "FaceAnalyzer\FaceAnalyzer.Android\FaceAnalyzer.Android.csproj", "{973982AA-50DD-4939-B451-B05ECF6D353D}"
EndProject
Project("{FAE04EC0-301F-11D3-BF4B-00C04F79EFBC}") = "FaceAnalyzer.iOS", "FaceAnalyzer\FaceAnalyzer.iOS\FaceAnalyzer.iOS.csproj", "{06BC5120-1AFB-496B-A0D0-DADFF7C98970}"
EndProject
Project("{FAE04EC0-301F-11D3-BF4B-00C04F79EFBC}") = "FaceAnalyzer.UWP", "FaceAnalyzer\FaceAnalyzer.UWP\FaceAnalyzer.UWP.csproj", "{F3F172F2-0AA6-49B7-9D79-F9DD25999763}"
EndProject
Project("{FAE04EC0-301F-11D3-BF4B-00C04F79EFBC}") = "FaceAnalyzer", "FaceAnalyzer\FaceAnalyzer\FaceAnalyzer.csproj", "{DF1F4446-700F-441A-A141-17ED018BCF38}"
EndProject
Global
	GlobalSection(SolutionConfigurationPlatforms) = preSolution
		Ad-Hoc|Any CPU = Ad-Hoc|Any CPU
		Ad-Hoc|ARM = Ad-Hoc|ARM
		Ad-Hoc|iPhone = Ad-Hoc|iPhone
		Ad-Hoc|iPhoneSimulator = Ad-Hoc|iPhoneSimulator
		Ad-Hoc|x64 = Ad-Hoc|x64
		Ad-Hoc|x86 = Ad-Hoc|x86
		AppStore|Any CPU = AppStore|Any CPU
		AppStore|ARM = AppStore|ARM
		AppStore|iPhone = AppStore|iPhone
		AppStore|iPhoneSimulator = AppStore|iPhoneSimulator
		AppStore|x64 = AppStore|x64
		AppStore|x86 = AppStore|x86
		Debug|Any CPU = Debug|Any CPU
		Debug|ARM = Debug|ARM
		Debug|iPhone = Debug|iPhone
		Debug|iPhoneSimulator = Debug|iPhoneSimulator
		Debug|x64 = Debug|x64
		Debug|x86 = Debug|x86
		Release|Any CPU = Release|Any CPU
		Release|ARM = Release|ARM
		Release|iPhone = Release|iPhone
		Release|iPhoneSimulator = Release|iPhoneSimulator
		Release|x64 = Release|x64
		Release|x86 = Release|x86
	EndGlobalSection
	GlobalSection(ProjectConfigurationPlatforms) = postSolution
		{973982AA-50DD-4939-B451-B05ECF6D353D}.Ad-Hoc|Any CPU.ActiveCfg = Release|Any CPU
		{973982AA-50DD-4939-B451-B05ECF6D353D}.Ad-Hoc|Any CPU.Build.0 = Release|Any CPU
		{973982AA-50DD-4939-B451-B05ECF6D353D}.Ad-Hoc|Any CPU.Deploy.0 = Release|Any CPU
		{973982AA-50DD-4939-B451-B05ECF6D353D}.Ad-Hoc|ARM.ActiveCfg = Release|Any CPU
		{973982AA-50DD-4939-B451-B05ECF6D353D}.Ad-Hoc|ARM.Build.0 = Release|Any CPU
		{973982AA-50DD-4939-B451-B05ECF6D353D}.Ad-Hoc|ARM.Deploy.0 = Release|Any CPU
		{973982AA-50DD-4939-B451-B05ECF6D353D}.Ad-Hoc|iPhone.ActiveCfg = Release|Any CPU
		{973982AA-50DD-4939-B451-B05ECF6D353D}.Ad-Hoc|iPhone.Build.0 = Release|Any CPU
		{973982AA-50DD-4939-B451-B05ECF6D353D}.Ad-Hoc|iPhone.Deploy.0 = Release|Any CPU
		{973982AA-50DD-4939-B451-B05ECF6D353D}.Ad-Hoc|iPhoneSimulator.ActiveCfg = Release|Any CPU
		{973982AA-50DD-4939-B451-B05ECF6D353D}.Ad-Hoc|iPhoneSimulator.Build.0 = Release|Any CPU
		{973982AA-50DD-4939-B451-B05ECF6D353D}.Ad-Hoc|iPhoneSimulator.Deploy.0 = Release|Any CPU
		{973982AA-50DD-4939-B451-B05ECF6D353D}.Ad-Hoc|x64.ActiveCfg = Release|Any CPU
		{973982AA-50DD-4939-B451-B05ECF6D353D}.Ad-Hoc|x64.Build.0 = Release|Any CPU
		{973982AA-50DD-4939-B451-B05ECF6D353D}.Ad-Hoc|x64.Deploy.0 = Release|Any CPU
		{973982AA-50DD-4939-B451-B05ECF6D353D}.Ad-Hoc|x86.ActiveCfg = Release|Any CPU
		{973982AA-50DD-4939-B451-B05ECF6D353D}.Ad-Hoc|x86.Build.0 = Release|Any CPU
		{973982AA-50DD-4939-B451-B05ECF6D353D}.Ad-Hoc|x86.Deploy.0 = Release|Any CPU
		{973982AA-50DD-4939-B451-B05ECF6D353D}.AppStore|Any CPU.ActiveCfg = Release|Any CPU
		{973982AA-50DD-4939-B451-B05ECF6D353D}.AppStore|Any CPU.Build.0 = Release|Any CPU
		{973982AA-50DD-4939-B451-B05ECF6D353D}.AppStore|Any CPU.Deploy.0 = Release|Any CPU
		{973982AA-50DD-4939-B451-B05ECF6D353D}.AppStore|ARM.ActiveCfg = Release|Any CPU
		{973982AA-50DD-4939-B451-B05ECF6D353D}.AppStore|ARM.Build.0 = Release|Any CPU
		{973982AA-50DD-4939-B451-B05ECF6D353D}.AppStore|ARM.Deploy.0 = Release|Any CPU
		{973982AA-50DD-4939-B451-B05ECF6D353D}.AppStore|iPhone.ActiveCfg = Release|Any CPU
		{973982AA-50DD-4939-B451-B05ECF6D353D}.AppStore|iPhone.Build.0 = Release|Any CPU
		{973982AA-50DD-4939-B451-B05ECF6D353D}.AppStore|iPhone.Deploy.0 = Release|Any CPU
		{973982AA-50DD-4939-B451-B05ECF6D353D}.AppStore|iPhoneSimulator.ActiveCfg = Release|Any CPU
		{973982AA-50DD-4939-B451-B05ECF6D353D}.AppStore|iPhoneSimulator.Build.0 = Release|Any CPU
		{973982AA-50DD-4939-B451-B05ECF6D353D}.AppStore|iPhoneSimulator.Deploy.0 = Release|Any CPU
		{973982AA-50DD-4939-B451-B05ECF6D353D}.AppStore|x64.ActiveCfg = Release|Any CPU
		{973982AA-50DD-4939-B451-B05ECF6D353D}.AppStore|x64.Build.0 = Release|Any CPU
		{973982AA-50DD-4939-B451-B05ECF6D353D}.AppStore|x64.Deploy.0 = Release|Any CPU
		{973982AA-50DD-4939-B451-B05ECF6D353D}.AppStore|x86.ActiveCfg = Release|Any CPU
		{973982AA-50DD-4939-B451-B05ECF6D353D}.AppStore|x86.Build.0 = Release|Any CPU
		{973982AA-50DD-4939-B451-B05ECF6D353D}.AppStore|x86.Deploy.0 = Release|Any CPU
		{973982AA-50DD-4939-B451-B05ECF6D353D}.Debug|Any CPU.ActiveCfg = Debug|Any CPU
		{973982AA-50DD-4939-B451-B05ECF6D353D}.Debug|Any CPU.Build.0 = Debug|Any CPU
		{973982AA-50DD-4939-B451-B05ECF6D353D}.Debug|Any CPU.Deploy.0 = Debug|Any CPU
		{973982AA-50DD-4939-B451-B05ECF6D353D}.Debug|ARM.ActiveCfg = Debug|Any CPU
		{973982AA-50DD-4939-B451-B05ECF6D353D}.Debug|ARM.Build.0 = Debug|Any CPU
		{973982AA-50DD-4939-B451-B05ECF6D353D}.Debug|ARM.Deploy.0 = Debug|Any CPU
		{973982AA-50DD-4939-B451-B05ECF6D353D}.Debug|iPhone.ActiveCfg = Debug|Any CPU
		{973982AA-50DD-4939-B451-B05ECF6D353D}.Debug|iPhone.Build.0 = Debug|Any CPU
		{973982AA-50DD-4939-B451-B05ECF6D353D}.Debug|iPhone.Deploy.0 = Debug|Any CPU
		{973982AA-50DD-4939-B451-B05ECF6D353D}.Debug|iPhoneSimulator.ActiveCfg = Debug|Any CPU
		{973982AA-50DD-4939-B451-B05ECF6D353D}.Debug|iPhoneSimulator.Build.0 = Debug|Any CPU
		{973982AA-50DD-4939-B451-B05ECF6D353D}.Debug|iPhoneSimulator.Deploy.0 = Debug|Any CPU
		{973982AA-50DD-4939-B451-B05ECF6D353D}.Debug|x64.ActiveCfg = Debug|Any CPU
		{973982AA-50DD-4939-B451-B05ECF6D353D}.Debug|x64.Build.0 = Debug|Any CPU
		{973982AA-50DD-4939-B451-B05ECF6D353D}.Debug|x64.Deploy.0 = Debug|Any CPU
		{973982AA-50DD-4939-B451-B05ECF6D353D}.Debug|x86.ActiveCfg = Debug|Any CPU
		{973982AA-50DD-4939-B451-B05ECF6D353D}.Debug|x86.Build.0 = Debug|Any CPU
		{973982AA-50DD-4939-B451-B05ECF6D353D}.Debug|x86.Deploy.0 = Debug|Any CPU
		{973982AA-50DD-4939-B451-B05ECF6D353D}.Release|Any CPU.ActiveCfg = Release|Any CPU
		{973982AA-50DD-4939-B451-B05ECF6D353D}.Release|Any CPU.Build.0 = Release|Any CPU
		{973982AA-50DD-4939-B451-B05ECF6D353D}.Release|Any CPU.Deploy.0 = Release|Any CPU
		{973982AA-50DD-4939-B451-B05ECF6D353D}.Release|ARM.ActiveCfg = Release|Any CPU
		{973982AA-50DD-4939-B451-B05ECF6D353D}.Release|ARM.Build.0 = Release|Any CPU
		{973982AA-50DD-4939-B451-B05ECF6D353D}.Release|ARM.Deploy.0 = Release|Any CPU
		{973982AA-50DD-4939-B451-B05ECF6D353D}.Release|iPhone.ActiveCfg = Release|Any CPU
		{973982AA-50DD-4939-B451-B05ECF6D353D}.Release|iPhone.Build.0 = Release|Any CPU
		{973982AA-50DD-4939-B451-B05ECF6D353D}.Release|iPhone.Deploy.0 = Release|Any CPU
		{973982AA-50DD-4939-B451-B05ECF6D353D}.Release|iPhoneSimulator.ActiveCfg = Release|Any CPU
		{973982AA-50DD-4939-B451-B05ECF6D353D}.Release|iPhoneSimulator.Build.0 = Release|Any CPU
		{973982AA-50DD-4939-B451-B05ECF6D353D}.Release|iPhoneSimulator.Deploy.0 = Release|Any CPU
		{973982AA-50DD-4939-B451-B05ECF6D353D}.Release|x64.ActiveCfg = Release|Any CPU
		{973982AA-50DD-4939-B451-B05ECF6D353D}.Release|x64.Build.0 = Release|Any CPU
		{973982AA-50DD-4939-B451-B05ECF6D353D}.Release|x64.Deploy.0 = Release|Any CPU
		{973982AA-50DD-4939-B451-B05ECF6D353D}.Release|x86.ActiveCfg = Release|Any CPU
		{973982AA-50DD-4939-B451-B05ECF6D353D}.Release|x86.Build.0 = Release|Any CPU
		{973982AA-50DD-4939-B451-B05ECF6D353D}.Release|x86.Deploy.0 = Release|Any CPU
		{06BC5120-1AFB-496B-A0D0-DADFF7C98970}.Ad-Hoc|Any CPU.ActiveCfg = Ad-Hoc|iPhone
		{06BC5120-1AFB-496B-A0D0-DADFF7C98970}.Ad-Hoc|Any CPU.Build.0 = Ad-Hoc|iPhone
		{06BC5120-1AFB-496B-A0D0-DADFF7C98970}.Ad-Hoc|Any CPU.Deploy.0 = Ad-Hoc|iPhone
		{06BC5120-1AFB-496B-A0D0-DADFF7C98970}.Ad-Hoc|ARM.ActiveCfg = Ad-Hoc|iPhone
		{06BC5120-1AFB-496B-A0D0-DADFF7C98970}.Ad-Hoc|ARM.Build.0 = Ad-Hoc|iPhone
		{06BC5120-1AFB-496B-A0D0-DADFF7C98970}.Ad-Hoc|ARM.Deploy.0 = Ad-Hoc|iPhone
		{06BC5120-1AFB-496B-A0D0-DADFF7C98970}.Ad-Hoc|iPhone.ActiveCfg = Ad-Hoc|iPhone
		{06BC5120-1AFB-496B-A0D0-DADFF7C98970}.Ad-Hoc|iPhone.Build.0 = Ad-Hoc|iPhone
		{06BC5120-1AFB-496B-A0D0-DADFF7C98970}.Ad-Hoc|iPhone.Deploy.0 = Ad-Hoc|iPhone
		{06BC5120-1AFB-496B-A0D0-DADFF7C98970}.Ad-Hoc|iPhoneSimulator.ActiveCfg = Ad-Hoc|iPhoneSimulator
		{06BC5120-1AFB-496B-A0D0-DADFF7C98970}.Ad-Hoc|iPhoneSimulator.Build.0 = Ad-Hoc|iPhoneSimulator
		{06BC5120-1AFB-496B-A0D0-DADFF7C98970}.Ad-Hoc|iPhoneSimulator.Deploy.0 = Ad-Hoc|iPhoneSimulator
		{06BC5120-1AFB-496B-A0D0-DADFF7C98970}.Ad-Hoc|x64.ActiveCfg = Ad-Hoc|iPhone
		{06BC5120-1AFB-496B-A0D0-DADFF7C98970}.Ad-Hoc|x64.Build.0 = Ad-Hoc|iPhone
		{06BC5120-1AFB-496B-A0D0-DADFF7C98970}.Ad-Hoc|x64.Deploy.0 = Ad-Hoc|iPhone
		{06BC5120-1AFB-496B-A0D0-DADFF7C98970}.Ad-Hoc|x86.ActiveCfg = Ad-Hoc|iPhone
		{06BC5120-1AFB-496B-A0D0-DADFF7C98970}.Ad-Hoc|x86.Build.0 = Ad-Hoc|iPhone
		{06BC5120-1AFB-496B-A0D0-DADFF7C98970}.Ad-Hoc|x86.Deploy.0 = Ad-Hoc|iPhone
		{06BC5120-1AFB-496B-A0D0-DADFF7C98970}.AppStore|Any CPU.ActiveCfg = AppStore|iPhone
		{06BC5120-1AFB-496B-A0D0-DADFF7C98970}.AppStore|Any CPU.Build.0 = AppStore|iPhone
		{06BC5120-1AFB-496B-A0D0-DADFF7C98970}.AppStore|Any CPU.Deploy.0 = AppStore|iPhone
		{06BC5120-1AFB-496B-A0D0-DADFF7C98970}.AppStore|ARM.ActiveCfg = AppStore|iPhone
		{06BC5120-1AFB-496B-A0D0-DADFF7C98970}.AppStore|ARM.Build.0 = AppStore|iPhone
		{06BC5120-1AFB-496B-A0D0-DADFF7C98970}.AppStore|ARM.Deploy.0 = AppStore|iPhone
		{06BC5120-1AFB-496B-A0D0-DADFF7C98970}.AppStore|iPhone.ActiveCfg = AppStore|iPhone
		{06BC5120-1AFB-496B-A0D0-DADFF7C98970}.AppStore|iPhone.Build.0 = AppStore|iPhone
		{06BC5120-1AFB-496B-A0D0-DADFF7C98970}.AppStore|iPhone.Deploy.0 = AppStore|iPhone
		{06BC5120-1AFB-496B-A0D0-DADFF7C98970}.AppStore|iPhoneSimulator.ActiveCfg = AppStore|iPhoneSimulator
		{06BC5120-1AFB-496B-A0D0-DADFF7C98970}.AppStore|iPhoneSimulator.Build.0 = AppStore|iPhoneSimulator
		{06BC5120-1AFB-496B-A0D0-DADFF7C98970}.AppStore|iPhoneSimulator.Deploy.0 = AppStore|iPhoneSimulator
		{06BC5120-1AFB-496B-A0D0-DADFF7C98970}.AppStore|x64.ActiveCfg = AppStore|iPhone
		{06BC5120-1AFB-496B-A0D0-DADFF7C98970}.AppStore|x64.Build.0 = AppStore|iPhone
		{06BC5120-1AFB-496B-A0D0-DADFF7C98970}.AppStore|x64.Deploy.0 = AppStore|iPhone
		{06BC5120-1AFB-496B-A0D0-DADFF7C98970}.AppStore|x86.ActiveCfg = AppStore|iPhone
		{06BC5120-1AFB-496B-A0D0-DADFF7C98970}.AppStore|x86.Build.0 = AppStore|iPhone
		{06BC5120-1AFB-496B-A0D0-DADFF7C98970}.AppStore|x86.Deploy.0 = AppStore|iPhone
		{06BC5120-1AFB-496B-A0D0-DADFF7C98970}.Debug|Any CPU.ActiveCfg = Debug|iPhoneSimulator
		{06BC5120-1AFB-496B-A0D0-DADFF7C98970}.Debug|Any CPU.Build.0 = Debug|iPhoneSimulator
		{06BC5120-1AFB-496B-A0D0-DADFF7C98970}.Debug|Any CPU.Deploy.0 = Debug|iPhoneSimulator
		{06BC5120-1AFB-496B-A0D0-DADFF7C98970}.Debug|ARM.ActiveCfg = Debug|iPhone
		{06BC5120-1AFB-496B-A0D0-DADFF7C98970}.Debug|ARM.Build.0 = Debug|iPhone
		{06BC5120-1AFB-496B-A0D0-DADFF7C98970}.Debug|ARM.Deploy.0 = Debug|iPhone
		{06BC5120-1AFB-496B-A0D0-DADFF7C98970}.Debug|iPhone.ActiveCfg = Debug|iPhone
		{06BC5120-1AFB-496B-A0D0-DADFF7C98970}.Debug|iPhone.Build.0 = Debug|iPhone
		{06BC5120-1AFB-496B-A0D0-DADFF7C98970}.Debug|iPhone.Deploy.0 = Debug|iPhone
		{06BC5120-1AFB-496B-A0D0-DADFF7C98970}.Debug|iPhoneSimulator.ActiveCfg = Debug|iPhoneSimulator
		{06BC5120-1AFB-496B-A0D0-DADFF7C98970}.Debug|iPhoneSimulator.Build.0 = Debug|iPhoneSimulator
		{06BC5120-1AFB-496B-A0D0-DADFF7C98970}.Debug|iPhoneSimulator.Deploy.0 = Debug|iPhoneSimulator
		{06BC5120-1AFB-496B-A0D0-DADFF7C98970}.Debug|x64.ActiveCfg = Debug|iPhone
		{06BC5120-1AFB-496B-A0D0-DADFF7C98970}.Debug|x64.Build.0 = Debug|iPhone
		{06BC5120-1AFB-496B-A0D0-DADFF7C98970}.Debug|x64.Deploy.0 = Debug|iPhone
		{06BC5120-1AFB-496B-A0D0-DADFF7C98970}.Debug|x86.ActiveCfg = Debug|iPhone
		{06BC5120-1AFB-496B-A0D0-DADFF7C98970}.Debug|x86.Build.0 = Debug|iPhone
		{06BC5120-1AFB-496B-A0D0-DADFF7C98970}.Debug|x86.Deploy.0 = Debug|iPhone
		{06BC5120-1AFB-496B-A0D0-DADFF7C98970}.Release|Any CPU.ActiveCfg = Release|iPhone
		{06BC5120-1AFB-496B-A0D0-DADFF7C98970}.Release|Any CPU.Build.0 = Release|iPhone
		{06BC5120-1AFB-496B-A0D0-DADFF7C98970}.Release|Any CPU.Deploy.0 = Release|iPhone
		{06BC5120-1AFB-496B-A0D0-DADFF7C98970}.Release|ARM.ActiveCfg = Release|iPhone
		{06BC5120-1AFB-496B-A0D0-DADFF7C98970}.Release|ARM.Build.0 = Release|iPhone
		{06BC5120-1AFB-496B-A0D0-DADFF7C98970}.Release|ARM.Deploy.0 = Release|iPhone
		{06BC5120-1AFB-496B-A0D0-DADFF7C98970}.Release|iPhone.ActiveCfg = Release|iPhone
		{06BC5120-1AFB-496B-A0D0-DADFF7C98970}.Release|iPhone.Build.0 = Release|iPhone
		{06BC5120-1AFB-496B-A0D0-DADFF7C98970}.Release|iPhone.Deploy.0 = Release|iPhone
		{06BC5120-1AFB-496B-A0D0-DADFF7C98970}.Release|iPhoneSimulator.ActiveCfg = Release|iPhoneSimulator
		{06BC5120-1AFB-496B-A0D0-DADFF7C98970}.Release|iPhoneSimulator.Build.0 = Release|iPhoneSimulator
		{06BC5120-1AFB-496B-A0D0-DADFF7C98970}.Release|iPhoneSimulator.Deploy.0 = Release|iPhoneSimulator
		{06BC5120-1AFB-496B-A0D0-DADFF7C98970}.Release|x64.ActiveCfg = Release|iPhone
		{06BC5120-1AFB-496B-A0D0-DADFF7C98970}.Release|x64.Build.0 = Release|iPhone
		{06BC5120-1AFB-496B-A0D0-DADFF7C98970}.Release|x64.Deploy.0 = Release|iPhone
		{06BC5120-1AFB-496B-A0D0-DADFF7C98970}.Release|x86.ActiveCfg = Release|iPhone
		{06BC5120-1AFB-496B-A0D0-DADFF7C98970}.Release|x86.Build.0 = Release|iPhone
		{06BC5120-1AFB-496B-A0D0-DADFF7C98970}.Release|x86.Deploy.0 = Release|iPhone
		{F3F172F2-0AA6-49B7-9D79-F9DD25999763}.Ad-Hoc|Any CPU.ActiveCfg = Release|x86
		{F3F172F2-0AA6-49B7-9D79-F9DD25999763}.Ad-Hoc|Any CPU.Build.0 = Release|x86
		{F3F172F2-0AA6-49B7-9D79-F9DD25999763}.Ad-Hoc|Any CPU.Deploy.0 = Release|x86
		{F3F172F2-0AA6-49B7-9D79-F9DD25999763}.Ad-Hoc|ARM.ActiveCfg = Release|ARM
		{F3F172F2-0AA6-49B7-9D79-F9DD25999763}.Ad-Hoc|ARM.Build.0 = Release|ARM
		{F3F172F2-0AA6-49B7-9D79-F9DD25999763}.Ad-Hoc|ARM.Deploy.0 = Release|ARM
		{F3F172F2-0AA6-49B7-9D79-F9DD25999763}.Ad-Hoc|iPhone.ActiveCfg = Release|x86
		{F3F172F2-0AA6-49B7-9D79-F9DD25999763}.Ad-Hoc|iPhone.Build.0 = Release|x86
		{F3F172F2-0AA6-49B7-9D79-F9DD25999763}.Ad-Hoc|iPhone.Deploy.0 = Release|x86
		{F3F172F2-0AA6-49B7-9D79-F9DD25999763}.Ad-Hoc|iPhoneSimulator.ActiveCfg = Release|x86
		{F3F172F2-0AA6-49B7-9D79-F9DD25999763}.Ad-Hoc|iPhoneSimulator.Build.0 = Release|x86
		{F3F172F2-0AA6-49B7-9D79-F9DD25999763}.Ad-Hoc|iPhoneSimulator.Deploy.0 = Release|x86
		{F3F172F2-0AA6-49B7-9D79-F9DD25999763}.Ad-Hoc|x64.ActiveCfg = Release|x64
		{F3F172F2-0AA6-49B7-9D79-F9DD25999763}.Ad-Hoc|x64.Build.0 = Release|x64
		{F3F172F2-0AA6-49B7-9D79-F9DD25999763}.Ad-Hoc|x64.Deploy.0 = Release|x64
		{F3F172F2-0AA6-49B7-9D79-F9DD25999763}.Ad-Hoc|x86.ActiveCfg = Release|x86
		{F3F172F2-0AA6-49B7-9D79-F9DD25999763}.Ad-Hoc|x86.Build.0 = Release|x86
		{F3F172F2-0AA6-49B7-9D79-F9DD25999763}.Ad-Hoc|x86.Deploy.0 = Release|x86
		{F3F172F2-0AA6-49B7-9D79-F9DD25999763}.AppStore|Any CPU.ActiveCfg = Release|x86
		{F3F172F2-0AA6-49B7-9D79-F9DD25999763}.AppStore|Any CPU.Build.0 = Release|x86
		{F3F172F2-0AA6-49B7-9D79-F9DD25999763}.AppStore|Any CPU.Deploy.0 = Release|x86
		{F3F172F2-0AA6-49B7-9D79-F9DD25999763}.AppStore|ARM.ActiveCfg = Release|ARM
		{F3F172F2-0AA6-49B7-9D79-F9DD25999763}.AppStore|ARM.Build.0 = Release|ARM
		{F3F172F2-0AA6-49B7-9D79-F9DD25999763}.AppStore|ARM.Deploy.0 = Release|ARM
		{F3F172F2-0AA6-49B7-9D79-F9DD25999763}.AppStore|iPhone.ActiveCfg = Release|x86
		{F3F172F2-0AA6-49B7-9D79-F9DD25999763}.AppStore|iPhone.Build.0 = Release|x86
		{F3F172F2-0AA6-49B7-9D79-F9DD25999763}.AppStore|iPhone.Deploy.0 = Release|x86
		{F3F172F2-0AA6-49B7-9D79-F9DD25999763}.AppStore|iPhoneSimulator.ActiveCfg = Release|x86
		{F3F172F2-0AA6-49B7-9D79-F9DD25999763}.AppStore|iPhoneSimulator.Build.0 = Release|x86
		{F3F172F2-0AA6-49B7-9D79-F9DD25999763}.AppStore|iPhoneSimulator.Deploy.0 = Release|x86
		{F3F172F2-0AA6-49B7-9D79-F9DD25999763}.AppStore|x64.ActiveCfg = Release|x64
		{F3F172F2-0AA6-49B7-9D79-F9DD25999763}.AppStore|x64.Build.0 = Release|x64
		{F3F172F2-0AA6-49B7-9D79-F9DD25999763}.AppStore|x64.Deploy.0 = Release|x64
		{F3F172F2-0AA6-49B7-9D79-F9DD25999763}.AppStore|x86.ActiveCfg = Release|x86
		{F3F172F2-0AA6-49B7-9D79-F9DD25999763}.AppStore|x86.Build.0 = Release|x86
		{F3F172F2-0AA6-49B7-9D79-F9DD25999763}.AppStore|x86.Deploy.0 = Release|x86
		{F3F172F2-0AA6-49B7-9D79-F9DD25999763}.Debug|Any CPU.ActiveCfg = Debug|x86
		{F3F172F2-0AA6-49B7-9D79-F9DD25999763}.Debug|Any CPU.Build.0 = Debug|x86
		{F3F172F2-0AA6-49B7-9D79-F9DD25999763}.Debug|Any CPU.Deploy.0 = Debug|x86
		{F3F172F2-0AA6-49B7-9D79-F9DD25999763}.Debug|ARM.ActiveCfg = Debug|ARM
		{F3F172F2-0AA6-49B7-9D79-F9DD25999763}.Debug|ARM.Build.0 = Debug|ARM
		{F3F172F2-0AA6-49B7-9D79-F9DD25999763}.Debug|ARM.Deploy.0 = Debug|ARM
		{F3F172F2-0AA6-49B7-9D79-F9DD25999763}.Debug|iPhone.ActiveCfg = Debug|x86
		{F3F172F2-0AA6-49B7-9D79-F9DD25999763}.Debug|iPhone.Build.0 = Debug|x86
		{F3F172F2-0AA6-49B7-9D79-F9DD25999763}.Debug|iPhone.Deploy.0 = Debug|x86
		{F3F172F2-0AA6-49B7-9D79-F9DD25999763}.Debug|iPhoneSimulator.ActiveCfg = Debug|x86
		{F3F172F2-0AA6-49B7-9D79-F9DD25999763}.Debug|iPhoneSimulator.Build.0 = Debug|x86
		{F3F172F2-0AA6-49B7-9D79-F9DD25999763}.Debug|iPhoneSimulator.Deploy.0 = Debug|x86
		{F3F172F2-0AA6-49B7-9D79-F9DD25999763}.Debug|x64.ActiveCfg = Debug|x64
		{F3F172F2-0AA6-49B7-9D79-F9DD25999763}.Debug|x64.Build.0 = Debug|x64
		{F3F172F2-0AA6-49B7-9D79-F9DD25999763}.Debug|x64.Deploy.0 = Debug|x64
		{F3F172F2-0AA6-49B7-9D79-F9DD25999763}.Debug|x86.ActiveCfg = Debug|x86
		{F3F172F2-0AA6-49B7-9D79-F9DD25999763}.Debug|x86.Build.0 = Debug|x86
		{F3F172F2-0AA6-49B7-9D79-F9DD25999763}.Debug|x86.Deploy.0 = Debug|x86
		{F3F172F2-0AA6-49B7-9D79-F9DD25999763}.Release|Any CPU.ActiveCfg = Release|x86
		{F3F172F2-0AA6-49B7-9D79-F9DD25999763}.Release|Any CPU.Build.0 = Release|x86
		{F3F172F2-0AA6-49B7-9D79-F9DD25999763}.Release|Any CPU.Deploy.0 = Release|x86
		{F3F172F2-0AA6-49B7-9D79-F9DD25999763}.Release|ARM.ActiveCfg = Release|ARM
		{F3F172F2-0AA6-49B7-9D79-F9DD25999763}.Release|ARM.Build.0 = Release|ARM
		{F3F172F2-0AA6-49B7-9D79-F9DD25999763}.Release|ARM.Deploy.0 = Release|ARM
		{F3F172F2-0AA6-49B7-9D79-F9DD25999763}.Release|iPhone.ActiveCfg = Release|x86
		{F3F172F2-0AA6-49B7-9D79-F9DD25999763}.Release|iPhone.Build.0 = Release|x86
		{F3F172F2-0AA6-49B7-9D79-F9DD25999763}.Release|iPhone.Deploy.0 = Release|x86
		{F3F172F2-0AA6-49B7-9D79-F9DD25999763}.Release|iPhoneSimulator.ActiveCfg = Release|x86
		{F3F172F2-0AA6-49B7-9D79-F9DD25999763}.Release|iPhoneSimulator.Build.0 = Release|x86
		{F3F172F2-0AA6-49B7-9D79-F9DD25999763}.Release|iPhoneSimulator.Deploy.0 = Release|x86
		{F3F172F2-0AA6-49B7-9D79-F9DD25999763}.Release|x64.ActiveCfg = Release|x64
		{F3F172F2-0AA6-49B7-9D79-F9DD25999763}.Release|x64.Build.0 = Release|x64
		{F3F172F2-0AA6-49B7-9D79-F9DD25999763}.Release|x64.Deploy.0 = Release|x64
		{F3F172F2-0AA6-49B7-9D79-F9DD25999763}.Release|x86.ActiveCfg = Release|x86
		{F3F172F2-0AA6-49B7-9D79-F9DD25999763}.Release|x86.Build.0 = Release|x86
		{F3F172F2-0AA6-49B7-9D79-F9DD25999763}.Release|x86.Deploy.0 = Release|x86
		{DF1F4446-700F-441A-A141-17ED018BCF38}.Ad-Hoc|Any CPU.ActiveCfg = Debug|Any CPU
		{DF1F4446-700F-441A-A141-17ED018BCF38}.Ad-Hoc|Any CPU.Build.0 = Debug|Any CPU
		{DF1F4446-700F-441A-A141-17ED018BCF38}.Ad-Hoc|Any CPU.Deploy.0 = Debug|Any CPU
		{DF1F4446-700F-441A-A141-17ED018BCF38}.Ad-Hoc|ARM.ActiveCfg = Debug|Any CPU
		{DF1F4446-700F-441A-A141-17ED018BCF38}.Ad-Hoc|ARM.Build.0 = Debug|Any CPU
		{DF1F4446-700F-441A-A141-17ED018BCF38}.Ad-Hoc|ARM.Deploy.0 = Debug|Any CPU
		{DF1F4446-700F-441A-A141-17ED018BCF38}.Ad-Hoc|iPhone.ActiveCfg = Debug|Any CPU
		{DF1F4446-700F-441A-A141-17ED018BCF38}.Ad-Hoc|iPhone.Build.0 = Debug|Any CPU
		{DF1F4446-700F-441A-A141-17ED018BCF38}.Ad-Hoc|iPhone.Deploy.0 = Debug|Any CPU
		{DF1F4446-700F-441A-A141-17ED018BCF38}.Ad-Hoc|iPhoneSimulator.ActiveCfg = Debug|Any CPU
		{DF1F4446-700F-441A-A141-17ED018BCF38}.Ad-Hoc|iPhoneSimulator.Build.0 = Debug|Any CPU
		{DF1F4446-700F-441A-A141-17ED018BCF38}.Ad-Hoc|iPhoneSimulator.Deploy.0 = Debug|Any CPU
		{DF1F4446-700F-441A-A141-17ED018BCF38}.Ad-Hoc|x64.ActiveCfg = Debug|Any CPU
		{DF1F4446-700F-441A-A141-17ED018BCF38}.Ad-Hoc|x64.Build.0 = Debug|Any CPU
		{DF1F4446-700F-441A-A141-17ED018BCF38}.Ad-Hoc|x64.Deploy.0 = Debug|Any CPU
		{DF1F4446-700F-441A-A141-17ED018BCF38}.Ad-Hoc|x86.ActiveCfg = Debug|Any CPU
		{DF1F4446-700F-441A-A141-17ED018BCF38}.Ad-Hoc|x86.Build.0 = Debug|Any CPU
		{DF1F4446-700F-441A-A141-17ED018BCF38}.Ad-Hoc|x86.Deploy.0 = Debug|Any CPU
		{DF1F4446-700F-441A-A141-17ED018BCF38}.AppStore|Any CPU.ActiveCfg = Debug|Any CPU
		{DF1F4446-700F-441A-A141-17ED018BCF38}.AppStore|Any CPU.Build.0 = Debug|Any CPU
		{DF1F4446-700F-441A-A141-17ED018BCF38}.AppStore|Any CPU.Deploy.0 = Debug|Any CPU
		{DF1F4446-700F-441A-A141-17ED018BCF38}.AppStore|ARM.ActiveCfg = Debug|Any CPU
		{DF1F4446-700F-441A-A141-17ED018BCF38}.AppStore|ARM.Build.0 = Debug|Any CPU
		{DF1F4446-700F-441A-A141-17ED018BCF38}.AppStore|ARM.Deploy.0 = Debug|Any CPU
		{DF1F4446-700F-441A-A141-17ED018BCF38}.AppStore|iPhone.ActiveCfg = Debug|Any CPU
		{DF1F4446-700F-441A-A141-17ED018BCF38}.AppStore|iPhone.Build.0 = Debug|Any CPU
		{DF1F4446-700F-441A-A141-17ED018BCF38}.AppStore|iPhone.Deploy.0 = Debug|Any CPU
		{DF1F4446-700F-441A-A141-17ED018BCF38}.AppStore|iPhoneSimulator.ActiveCfg = Debug|Any CPU
		{DF1F4446-700F-441A-A141-17ED018BCF38}.AppStore|iPhoneSimulator.Build.0 = Debug|Any CPU
		{DF1F4446-700F-441A-A141-17ED018BCF38}.AppStore|iPhoneSimulator.Deploy.0 = Debug|Any CPU
		{DF1F4446-700F-441A-A141-17ED018BCF38}.AppStore|x64.ActiveCfg = Debug|Any CPU
		{DF1F4446-700F-441A-A141-17ED018BCF38}.AppStore|x64.Build.0 = Debug|Any CPU
		{DF1F4446-700F-441A-A141-17ED018BCF38}.AppStore|x64.Deploy.0 = Debug|Any CPU
		{DF1F4446-700F-441A-A141-17ED018BCF38}.AppStore|x86.ActiveCfg = Debug|Any CPU
		{DF1F4446-700F-441A-A141-17ED018BCF38}.AppStore|x86.Build.0 = Debug|Any CPU
		{DF1F4446-700F-441A-A141-17ED018BCF38}.AppStore|x86.Deploy.0 = Debug|Any CPU
		{DF1F4446-700F-441A-A141-17ED018BCF38}.Debug|Any CPU.ActiveCfg = Debug|Any CPU
		{DF1F4446-700F-441A-A141-17ED018BCF38}.Debug|Any CPU.Build.0 = Debug|Any CPU
		{DF1F4446-700F-441A-A141-17ED018BCF38}.Debug|Any CPU.Deploy.0 = Debug|Any CPU
		{DF1F4446-700F-441A-A141-17ED018BCF38}.Debug|ARM.ActiveCfg = Debug|Any CPU
		{DF1F4446-700F-441A-A141-17ED018BCF38}.Debug|ARM.Build.0 = Debug|Any CPU
		{DF1F4446-700F-441A-A141-17ED018BCF38}.Debug|ARM.Deploy.0 = Debug|Any CPU
		{DF1F4446-700F-441A-A141-17ED018BCF38}.Debug|iPhone.ActiveCfg = Debug|Any CPU
		{DF1F4446-700F-441A-A141-17ED018BCF38}.Debug|iPhone.Build.0 = Debug|Any CPU
		{DF1F4446-700F-441A-A141-17ED018BCF38}.Debug|iPhone.Deploy.0 = Debug|Any CPU
		{DF1F4446-700F-441A-A141-17ED018BCF38}.Debug|iPhoneSimulator.ActiveCfg = Debug|Any CPU
		{DF1F4446-700F-441A-A141-17ED018BCF38}.Debug|iPhoneSimulator.Build.0 = Debug|Any CPU
		{DF1F4446-700F-441A-A141-17ED018BCF38}.Debug|iPhoneSimulator.Deploy.0 = Debug|Any CPU
		{DF1F4446-700F-441A-A141-17ED018BCF38}.Debug|x64.ActiveCfg = Debug|Any CPU
		{DF1F4446-700F-441A-A141-17ED018BCF38}.Debug|x64.Build.0 = Debug|Any CPU
		{DF1F4446-700F-441A-A141-17ED018BCF38}.Debug|x64.Deploy.0 = Debug|Any CPU
		{DF1F4446-700F-441A-A141-17ED018BCF38}.Debug|x86.ActiveCfg = Debug|Any CPU
		{DF1F4446-700F-441A-A141-17ED018BCF38}.Debug|x86.Build.0 = Debug|Any CPU
		{DF1F4446-700F-441A-A141-17ED018BCF38}.Debug|x86.Deploy.0 = Debug|Any CPU
		{DF1F4446-700F-441A-A141-17ED018BCF38}.Release|Any CPU.ActiveCfg = Release|Any CPU
		{DF1F4446-700F-441A-A141-17ED018BCF38}.Release|Any CPU.Build.0 = Release|Any CPU
		{DF1F4446-700F-441A-A141-17ED018BCF38}.Release|Any CPU.Deploy.0 = Release|Any CPU
		{DF1F4446-700F-441A-A141-17ED018BCF38}.Release|ARM.ActiveCfg = Release|Any CPU
		{DF1F4446-700F-441A-A141-17ED018BCF38}.Release|ARM.Build.0 = Release|Any CPU
		{DF1F4446-700F-441A-A141-17ED018BCF38}.Release|ARM.Deploy.0 = Release|Any CPU
		{DF1F4446-700F-441A-A141-17ED018BCF38}.Release|iPhone.ActiveCfg = Release|Any CPU
		{DF1F4446-700F-441A-A141-17ED018BCF38}.Release|iPhone.Build.0 = Release|Any CPU
		{DF1F4446-700F-441A-A141-17ED018BCF38}.Release|iPhone.Deploy.0 = Release|Any CPU
		{DF1F4446-700F-441A-A141-17ED018BCF38}.Release|iPhoneSimulator.ActiveCfg = Release|Any CPU
		{DF1F4446-700F-441A-A141-17ED018BCF38}.Release|iPhoneSimulator.Build.0 = Release|Any CPU
		{DF1F4446-700F-441A-A141-17ED018BCF38}.Release|iPhoneSimulator.Deploy.0 = Release|Any CPU
		{DF1F4446-700F-441A-A141-17ED018BCF38}.Release|x64.ActiveCfg = Release|Any CPU
		{DF1F4446-700F-441A-A141-17ED018BCF38}.Release|x64.Build.0 = Release|Any CPU
		{DF1F4446-700F-441A-A141-17ED018BCF38}.Release|x64.Deploy.0 = Release|Any CPU
		{DF1F4446-700F-441A-A141-17ED018BCF38}.Release|x86.ActiveCfg = Release|Any CPU
		{DF1F4446-700F-441A-A141-17ED018BCF38}.Release|x86.Build.0 = Release|Any CPU
		{DF1F4446-700F-441A-A141-17ED018BCF38}.Release|x86.Deploy.0 = Release|Any CPU
	EndGlobalSection
	GlobalSection(SolutionProperties) = preSolution
		HideSolutionNode = FALSE
	EndGlobalSection
	GlobalSection(ExtensibilityGlobals) = postSolution
		SolutionGuid = {57EA5661-82C0-4DE7-A79B-5F05C44A4D2A}
	EndGlobalSection
EndGlobal
